// !$*UTF8*$!
{
	archiveVersion = 1;
	classes = {
	};
	objectVersion = 46;
	objects = {

/* Begin PBXBuildFile section */
		E6C1268C1C3ECA790043F400 /* Time.swift in Sources */ = {isa = PBXBuildFile; fileRef = E6C1268B1C3ECA790043F400 /* Time.swift */; };
		E6C465C81C3EB37200A78A5F /* Timer.swift in Sources */ = {isa = PBXBuildFile; fileRef = E6C465C71C3EB37200A78A5F /* Timer.swift */; };
		E6E8598F1C3D516400DF5271 /* AppDelegate.swift in Sources */ = {isa = PBXBuildFile; fileRef = E6E8598E1C3D516400DF5271 /* AppDelegate.swift */; };
		E6E859911C3D516400DF5271 /* ViewController.swift in Sources */ = {isa = PBXBuildFile; fileRef = E6E859901C3D516400DF5271 /* ViewController.swift */; };
		E6E859941C3D516400DF5271 /* Main.storyboard in Resources */ = {isa = PBXBuildFile; fileRef = E6E859921C3D516400DF5271 /* Main.storyboard */; };
		E6E859961C3D516400DF5271 /* Assets.xcassets in Resources */ = {isa = PBXBuildFile; fileRef = E6E859951C3D516400DF5271 /* Assets.xcassets */; };
		E6E859991C3D516400DF5271 /* LaunchScreen.storyboard in Resources */ = {isa = PBXBuildFile; fileRef = E6E859971C3D516400DF5271 /* LaunchScreen.storyboard */; };
		E6E859A41C3D516500DF5271 /* TappyTimerTests.swift in Sources */ = {isa = PBXBuildFile; fileRef = E6E859A31C3D516500DF5271 /* TappyTimerTests.swift */; };
		E6E859A91C3D516500DF5271 /* TappyTimer WatchKit App.app in Embed Watch Content */ = {isa = PBXBuildFile; fileRef = E6E859A81C3D516500DF5271 /* TappyTimer WatchKit App.app */; };
		E6E859AF1C3D516500DF5271 /* Interface.storyboard in Resources */ = {isa = PBXBuildFile; fileRef = E6E859AD1C3D516500DF5271 /* Interface.storyboard */; };
		E6E859B11C3D516500DF5271 /* Assets.xcassets in Resources */ = {isa = PBXBuildFile; fileRef = E6E859B01C3D516500DF5271 /* Assets.xcassets */; };
		E6E859B81C3D516500DF5271 /* TappyTimer WatchKit Extension.appex in Embed App Extensions */ = {isa = PBXBuildFile; fileRef = E6E859B71C3D516500DF5271 /* TappyTimer WatchKit Extension.appex */; settings = {ATTRIBUTES = (RemoveHeadersOnCopy, ); }; };
		E6E859BD1C3D516500DF5271 /* InterfaceController.swift in Sources */ = {isa = PBXBuildFile; fileRef = E6E859BC1C3D516500DF5271 /* InterfaceController.swift */; };
		E6E859BF1C3D516500DF5271 /* ExtensionDelegate.swift in Sources */ = {isa = PBXBuildFile; fileRef = E6E859BE1C3D516500DF5271 /* ExtensionDelegate.swift */; };
		E6E859C11C3D516500DF5271 /* GlanceController.swift in Sources */ = {isa = PBXBuildFile; fileRef = E6E859C01C3D516500DF5271 /* GlanceController.swift */; };
		E6E859C31C3D516500DF5271 /* Assets.xcassets in Resources */ = {isa = PBXBuildFile; fileRef = E6E859C21C3D516500DF5271 /* Assets.xcassets */; };
/* End PBXBuildFile section */

/* Begin PBXContainerItemProxy section */
		E6E859A01C3D516500DF5271 /* PBXContainerItemProxy */ = {
			isa = PBXContainerItemProxy;
			containerPortal = E6E859831C3D516400DF5271 /* Project object */;
			proxyType = 1;
			remoteGlobalIDString = E6E8598A1C3D516400DF5271;
			remoteInfo = TappyTimer;
		};
		E6E859AA1C3D516500DF5271 /* PBXContainerItemProxy */ = {
			isa = PBXContainerItemProxy;
			containerPortal = E6E859831C3D516400DF5271 /* Project object */;
			proxyType = 1;
			remoteGlobalIDString = E6E859A71C3D516500DF5271;
			remoteInfo = "TappyTimer WatchKit App";
		};
		E6E859B91C3D516500DF5271 /* PBXContainerItemProxy */ = {
			isa = PBXContainerItemProxy;
			containerPortal = E6E859831C3D516400DF5271 /* Project object */;
			proxyType = 1;
			remoteGlobalIDString = E6E859B61C3D516500DF5271;
			remoteInfo = "TappyTimer WatchKit Extension";
		};
/* End PBXContainerItemProxy section */

/* Begin PBXCopyFilesBuildPhase section */
		E6E859CA1C3D516500DF5271 /* Embed App Extensions */ = {
			isa = PBXCopyFilesBuildPhase;
			buildActionMask = 2147483647;
			dstPath = "";
			dstSubfolderSpec = 13;
			files = (
				E6E859B81C3D516500DF5271 /* TappyTimer WatchKit Extension.appex in Embed App Extensions */,
			);
			name = "Embed App Extensions";
			runOnlyForDeploymentPostprocessing = 0;
		};
		E6E859CE1C3D516500DF5271 /* Embed Watch Content */ = {
			isa = PBXCopyFilesBuildPhase;
			buildActionMask = 2147483647;
			dstPath = "$(CONTENTS_FOLDER_PATH)/Watch";
			dstSubfolderSpec = 16;
			files = (
				E6E859A91C3D516500DF5271 /* TappyTimer WatchKit App.app in Embed Watch Content */,
			);
			name = "Embed Watch Content";
			runOnlyForDeploymentPostprocessing = 0;
		};
/* End PBXCopyFilesBuildPhase section */

/* Begin PBXFileReference section */
		E6C1268B1C3ECA790043F400 /* Time.swift */ = {isa = PBXFileReference; fileEncoding = 4; lastKnownFileType = sourcecode.swift; path = Time.swift; sourceTree = "<group>"; };
		E6C465C71C3EB37200A78A5F /* Timer.swift */ = {isa = PBXFileReference; fileEncoding = 4; lastKnownFileType = sourcecode.swift; path = Timer.swift; sourceTree = "<group>"; };
		E6E8598B1C3D516400DF5271 /* TappyTimer.app */ = {isa = PBXFileReference; explicitFileType = wrapper.application; includeInIndex = 0; path = TappyTimer.app; sourceTree = BUILT_PRODUCTS_DIR; };
		E6E8598E1C3D516400DF5271 /* AppDelegate.swift */ = {isa = PBXFileReference; lastKnownFileType = sourcecode.swift; path = AppDelegate.swift; sourceTree = "<group>"; };
		E6E859901C3D516400DF5271 /* ViewController.swift */ = {isa = PBXFileReference; lastKnownFileType = sourcecode.swift; path = ViewController.swift; sourceTree = "<group>"; };
		E6E859931C3D516400DF5271 /* Base */ = {isa = PBXFileReference; lastKnownFileType = file.storyboard; name = Base; path = Base.lproj/Main.storyboard; sourceTree = "<group>"; };
		E6E859951C3D516400DF5271 /* Assets.xcassets */ = {isa = PBXFileReference; lastKnownFileType = folder.assetcatalog; path = Assets.xcassets; sourceTree = "<group>"; };
		E6E859981C3D516400DF5271 /* Base */ = {isa = PBXFileReference; lastKnownFileType = file.storyboard; name = Base; path = Base.lproj/LaunchScreen.storyboard; sourceTree = "<group>"; };
		E6E8599A1C3D516400DF5271 /* Info.plist */ = {isa = PBXFileReference; lastKnownFileType = text.plist.xml; path = Info.plist; sourceTree = "<group>"; };
		E6E8599F1C3D516500DF5271 /* TappyTimerTests.xctest */ = {isa = PBXFileReference; explicitFileType = wrapper.cfbundle; includeInIndex = 0; path = TappyTimerTests.xctest; sourceTree = BUILT_PRODUCTS_DIR; };
		E6E859A31C3D516500DF5271 /* TappyTimerTests.swift */ = {isa = PBXFileReference; lastKnownFileType = sourcecode.swift; path = TappyTimerTests.swift; sourceTree = "<group>"; };
		E6E859A51C3D516500DF5271 /* Info.plist */ = {isa = PBXFileReference; lastKnownFileType = text.plist.xml; path = Info.plist; sourceTree = "<group>"; };
		E6E859A81C3D516500DF5271 /* TappyTimer WatchKit App.app */ = {isa = PBXFileReference; explicitFileType = wrapper.application; includeInIndex = 0; path = "TappyTimer WatchKit App.app"; sourceTree = BUILT_PRODUCTS_DIR; };
		E6E859AE1C3D516500DF5271 /* Base */ = {isa = PBXFileReference; lastKnownFileType = file.storyboard; name = Base; path = Base.lproj/Interface.storyboard; sourceTree = "<group>"; };
		E6E859B01C3D516500DF5271 /* Assets.xcassets */ = {isa = PBXFileReference; lastKnownFileType = folder.assetcatalog; path = Assets.xcassets; sourceTree = "<group>"; };
		E6E859B21C3D516500DF5271 /* Info.plist */ = {isa = PBXFileReference; lastKnownFileType = text.plist.xml; path = Info.plist; sourceTree = "<group>"; };
		E6E859B71C3D516500DF5271 /* TappyTimer WatchKit Extension.appex */ = {isa = PBXFileReference; explicitFileType = "wrapper.app-extension"; includeInIndex = 0; path = "TappyTimer WatchKit Extension.appex"; sourceTree = BUILT_PRODUCTS_DIR; };
		E6E859BC1C3D516500DF5271 /* InterfaceController.swift */ = {isa = PBXFileReference; lastKnownFileType = sourcecode.swift; path = InterfaceController.swift; sourceTree = "<group>"; };
		E6E859BE1C3D516500DF5271 /* ExtensionDelegate.swift */ = {isa = PBXFileReference; lastKnownFileType = sourcecode.swift; path = ExtensionDelegate.swift; sourceTree = "<group>"; };
		E6E859C01C3D516500DF5271 /* GlanceController.swift */ = {isa = PBXFileReference; lastKnownFileType = sourcecode.swift; path = GlanceController.swift; sourceTree = "<group>"; };
		E6E859C21C3D516500DF5271 /* Assets.xcassets */ = {isa = PBXFileReference; lastKnownFileType = folder.assetcatalog; path = Assets.xcassets; sourceTree = "<group>"; };
		E6E859C41C3D516500DF5271 /* Info.plist */ = {isa = PBXFileReference; lastKnownFileType = text.plist.xml; path = Info.plist; sourceTree = "<group>"; };
		E6E859D51C3D5FBF00DF5271 /* MyPlayground.playground */ = {isa = PBXFileReference; lastKnownFileType = file.playground; path = MyPlayground.playground; sourceTree = "<group>"; };
/* End PBXFileReference section */

/* Begin PBXFrameworksBuildPhase section */
		E6E859881C3D516400DF5271 /* Frameworks */ = {
			isa = PBXFrameworksBuildPhase;
			buildActionMask = 2147483647;
			files = (
			);
			runOnlyForDeploymentPostprocessing = 0;
		};
		E6E8599C1C3D516500DF5271 /* Frameworks */ = {
			isa = PBXFrameworksBuildPhase;
			buildActionMask = 2147483647;
			files = (
			);
			runOnlyForDeploymentPostprocessing = 0;
		};
		E6E859B41C3D516500DF5271 /* Frameworks */ = {
			isa = PBXFrameworksBuildPhase;
			buildActionMask = 2147483647;
			files = (
			);
			runOnlyForDeploymentPostprocessing = 0;
		};
/* End PBXFrameworksBuildPhase section */

/* Begin PBXGroup section */
		E6E859821C3D516400DF5271 = {
			isa = PBXGroup;
			children = (
				E6E8598D1C3D516400DF5271 /* TappyTimer */,
				E6E859A21C3D516500DF5271 /* TappyTimerTests */,
				E6E859AC1C3D516500DF5271 /* TappyTimer WatchKit App */,
				E6E859BB1C3D516500DF5271 /* TappyTimer WatchKit Extension */,
				E6E8598C1C3D516400DF5271 /* Products */,
			);
			sourceTree = "<group>";
		};
		E6E8598C1C3D516400DF5271 /* Products */ = {
			isa = PBXGroup;
			children = (
				E6E8598B1C3D516400DF5271 /* TappyTimer.app */,
				E6E8599F1C3D516500DF5271 /* TappyTimerTests.xctest */,
				E6E859A81C3D516500DF5271 /* TappyTimer WatchKit App.app */,
				E6E859B71C3D516500DF5271 /* TappyTimer WatchKit Extension.appex */,
			);
			name = Products;
			sourceTree = "<group>";
		};
		E6E8598D1C3D516400DF5271 /* TappyTimer */ = {
			isa = PBXGroup;
			children = (
				E6E8598E1C3D516400DF5271 /* AppDelegate.swift */,
				E6E859901C3D516400DF5271 /* ViewController.swift */,
				E6E859921C3D516400DF5271 /* Main.storyboard */,
				E6E859951C3D516400DF5271 /* Assets.xcassets */,
				E6E859971C3D516400DF5271 /* LaunchScreen.storyboard */,
				E6E8599A1C3D516400DF5271 /* Info.plist */,
			);
			path = TappyTimer;
			sourceTree = "<group>";
		};
		E6E859A21C3D516500DF5271 /* TappyTimerTests */ = {
			isa = PBXGroup;
			children = (
				E6E859A31C3D516500DF5271 /* TappyTimerTests.swift */,
				E6E859A51C3D516500DF5271 /* Info.plist */,
			);
			path = TappyTimerTests;
			sourceTree = "<group>";
		};
		E6E859AC1C3D516500DF5271 /* TappyTimer WatchKit App */ = {
			isa = PBXGroup;
			children = (
				E6E859AD1C3D516500DF5271 /* Interface.storyboard */,
				E6E859D51C3D5FBF00DF5271 /* MyPlayground.playground */,
				E6E859B01C3D516500DF5271 /* Assets.xcassets */,
				E6E859B21C3D516500DF5271 /* Info.plist */,
			);
			path = "TappyTimer WatchKit App";
			sourceTree = "<group>";
		};
		E6E859BB1C3D516500DF5271 /* TappyTimer WatchKit Extension */ = {
			isa = PBXGroup;
			children = (
				E6E859BC1C3D516500DF5271 /* InterfaceController.swift */,
				E6C1268B1C3ECA790043F400 /* Time.swift */,
				E6C465C71C3EB37200A78A5F /* Timer.swift */,
				E6E859BE1C3D516500DF5271 /* ExtensionDelegate.swift */,
				E6E859C01C3D516500DF5271 /* GlanceController.swift */,
				E6E859C21C3D516500DF5271 /* Assets.xcassets */,
				E6E859C41C3D516500DF5271 /* Info.plist */,
			);
			path = "TappyTimer WatchKit Extension";
			sourceTree = "<group>";
		};
/* End PBXGroup section */

/* Begin PBXNativeTarget section */
		E6E8598A1C3D516400DF5271 /* TappyTimer */ = {
			isa = PBXNativeTarget;
			buildConfigurationList = E6E859CF1C3D516500DF5271 /* Build configuration list for PBXNativeTarget "TappyTimer" */;
			buildPhases = (
				E6E859871C3D516400DF5271 /* Sources */,
				E6E859881C3D516400DF5271 /* Frameworks */,
				E6E859891C3D516400DF5271 /* Resources */,
				E6E859CE1C3D516500DF5271 /* Embed Watch Content */,
			);
			buildRules = (
			);
			dependencies = (
				E6E859AB1C3D516500DF5271 /* PBXTargetDependency */,
			);
			name = TappyTimer;
			productName = TappyTimer;
			productReference = E6E8598B1C3D516400DF5271 /* TappyTimer.app */;
			productType = "com.apple.product-type.application";
		};
		E6E8599E1C3D516500DF5271 /* TappyTimerTests */ = {
			isa = PBXNativeTarget;
			buildConfigurationList = E6E859D21C3D516500DF5271 /* Build configuration list for PBXNativeTarget "TappyTimerTests" */;
			buildPhases = (
				E6E8599B1C3D516500DF5271 /* Sources */,
				E6E8599C1C3D516500DF5271 /* Frameworks */,
				E6E8599D1C3D516500DF5271 /* Resources */,
			);
			buildRules = (
			);
			dependencies = (
				E6E859A11C3D516500DF5271 /* PBXTargetDependency */,
			);
			name = TappyTimerTests;
			productName = TappyTimerTests;
			productReference = E6E8599F1C3D516500DF5271 /* TappyTimerTests.xctest */;
			productType = "com.apple.product-type.bundle.unit-test";
		};
		E6E859A71C3D516500DF5271 /* TappyTimer WatchKit App */ = {
			isa = PBXNativeTarget;
			buildConfigurationList = E6E859CB1C3D516500DF5271 /* Build configuration list for PBXNativeTarget "TappyTimer WatchKit App" */;
			buildPhases = (
				E6E859A61C3D516500DF5271 /* Resources */,
				E6E859CA1C3D516500DF5271 /* Embed App Extensions */,
			);
			buildRules = (
			);
			dependencies = (
				E6E859BA1C3D516500DF5271 /* PBXTargetDependency */,
			);
			name = "TappyTimer WatchKit App";
			productName = "TappyTimer WatchKit App";
			productReference = E6E859A81C3D516500DF5271 /* TappyTimer WatchKit App.app */;
			productType = "com.apple.product-type.application.watchapp2";
		};
		E6E859B61C3D516500DF5271 /* TappyTimer WatchKit Extension */ = {
			isa = PBXNativeTarget;
			buildConfigurationList = E6E859C71C3D516500DF5271 /* Build configuration list for PBXNativeTarget "TappyTimer WatchKit Extension" */;
			buildPhases = (
				E6E859B31C3D516500DF5271 /* Sources */,
				E6E859B41C3D516500DF5271 /* Frameworks */,
				E6E859B51C3D516500DF5271 /* Resources */,
			);
			buildRules = (
			);
			dependencies = (
			);
			name = "TappyTimer WatchKit Extension";
			productName = "TappyTimer WatchKit Extension";
			productReference = E6E859B71C3D516500DF5271 /* TappyTimer WatchKit Extension.appex */;
			productType = "com.apple.product-type.watchkit2-extension";
		};
/* End PBXNativeTarget section */

/* Begin PBXProject section */
		E6E859831C3D516400DF5271 /* Project object */ = {
			isa = PBXProject;
			attributes = {
				LastSwiftUpdateCheck = 0720;
				LastUpgradeCheck = 0720;
				ORGANIZATIONNAME = "Mac Bellingrath";
				TargetAttributes = {
					E6E8598A1C3D516400DF5271 = {
						CreatedOnToolsVersion = 7.2;
					};
					E6E8599E1C3D516500DF5271 = {
						CreatedOnToolsVersion = 7.2;
						TestTargetID = E6E8598A1C3D516400DF5271;
					};
					E6E859A71C3D516500DF5271 = {
						CreatedOnToolsVersion = 7.2;
					};
					E6E859B61C3D516500DF5271 = {
						CreatedOnToolsVersion = 7.2;
					};
				};
			};
			buildConfigurationList = E6E859861C3D516400DF5271 /* Build configuration list for PBXProject "TappyTimer" */;
			compatibilityVersion = "Xcode 3.2";
			developmentRegion = English;
			hasScannedForEncodings = 0;
			knownRegions = (
				en,
				Base,
			);
			mainGroup = E6E859821C3D516400DF5271;
			productRefGroup = E6E8598C1C3D516400DF5271 /* Products */;
			projectDirPath = "";
			projectRoot = "";
			targets = (
				E6E8598A1C3D516400DF5271 /* TappyTimer */,
				E6E8599E1C3D516500DF5271 /* TappyTimerTests */,
				E6E859A71C3D516500DF5271 /* TappyTimer WatchKit App */,
				E6E859B61C3D516500DF5271 /* TappyTimer WatchKit Extension */,
			);
		};
/* End PBXProject section */

/* Begin PBXResourcesBuildPhase section */
		E6E859891C3D516400DF5271 /* Resources */ = {
			isa = PBXResourcesBuildPhase;
			buildActionMask = 2147483647;
			files = (
				E6E859991C3D516400DF5271 /* LaunchScreen.storyboard in Resources */,
				E6E859961C3D516400DF5271 /* Assets.xcassets in Resources */,
				E6E859941C3D516400DF5271 /* Main.storyboard in Resources */,
			);
			runOnlyForDeploymentPostprocessing = 0;
		};
		E6E8599D1C3D516500DF5271 /* Resources */ = {
			isa = PBXResourcesBuildPhase;
			buildActionMask = 2147483647;
			files = (
			);
			runOnlyForDeploymentPostprocessing = 0;
		};
		E6E859A61C3D516500DF5271 /* Resources */ = {
			isa = PBXResourcesBuildPhase;
			buildActionMask = 2147483647;
			files = (
				E6E859B11C3D516500DF5271 /* Assets.xcassets in Resources */,
				E6E859AF1C3D516500DF5271 /* Interface.storyboard in Resources */,
			);
			runOnlyForDeploymentPostprocessing = 0;
		};
		E6E859B51C3D516500DF5271 /* Resources */ = {
			isa = PBXResourcesBuildPhase;
			buildActionMask = 2147483647;
			files = (
				E6E859C31C3D516500DF5271 /* Assets.xcassets in Resources */,
			);
			runOnlyForDeploymentPostprocessing = 0;
		};
/* End PBXResourcesBuildPhase section */

/* Begin PBXSourcesBuildPhase section */
		E6E859871C3D516400DF5271 /* Sources */ = {
			isa = PBXSourcesBuildPhase;
			buildActionMask = 2147483647;
			files = (
				E6E859911C3D516400DF5271 /* ViewController.swift in Sources */,
				E6E8598F1C3D516400DF5271 /* AppDelegate.swift in Sources */,
			);
			runOnlyForDeploymentPostprocessing = 0;
		};
		E6E8599B1C3D516500DF5271 /* Sources */ = {
			isa = PBXSourcesBuildPhase;
			buildActionMask = 2147483647;
			files = (
				E6E859A41C3D516500DF5271 /* TappyTimerTests.swift in Sources */,
			);
			runOnlyForDeploymentPostprocessing = 0;
		};
		E6E859B31C3D516500DF5271 /* Sources */ = {
			isa = PBXSourcesBuildPhase;
			buildActionMask = 2147483647;
			files = (
				E6E859BF1C3D516500DF5271 /* ExtensionDelegate.swift in Sources */,
				E6E859BD1C3D516500DF5271 /* InterfaceController.swift in Sources */,
				E6C1268C1C3ECA790043F400 /* Time.swift in Sources */,
				E6E859C11C3D516500DF5271 /* GlanceController.swift in Sources */,
				E6C465C81C3EB37200A78A5F /* Timer.swift in Sources */,
			);
			runOnlyForDeploymentPostprocessing = 0;
		};
/* End PBXSourcesBuildPhase section */

/* Begin PBXTargetDependency section */
		E6E859A11C3D516500DF5271 /* PBXTargetDependency */ = {
			isa = PBXTargetDependency;
			target = E6E8598A1C3D516400DF5271 /* TappyTimer */;
			targetProxy = E6E859A01C3D516500DF5271 /* PBXContainerItemProxy */;
		};
		E6E859AB1C3D516500DF5271 /* PBXTargetDependency */ = {
			isa = PBXTargetDependency;
			target = E6E859A71C3D516500DF5271 /* TappyTimer WatchKit App */;
			targetProxy = E6E859AA1C3D516500DF5271 /* PBXContainerItemProxy */;
		};
		E6E859BA1C3D516500DF5271 /* PBXTargetDependency */ = {
			isa = PBXTargetDependency;
			target = E6E859B61C3D516500DF5271 /* TappyTimer WatchKit Extension */;
			targetProxy = E6E859B91C3D516500DF5271 /* PBXContainerItemProxy */;
		};
/* End PBXTargetDependency section */

/* Begin PBXVariantGroup section */
		E6E859921C3D516400DF5271 /* Main.storyboard */ = {
			isa = PBXVariantGroup;
			children = (
				E6E859931C3D516400DF5271 /* Base */,
			);
			name = Main.storyboard;
			sourceTree = "<group>";
		};
		E6E859971C3D516400DF5271 /* LaunchScreen.storyboard */ = {
			isa = PBXVariantGroup;
			children = (
				E6E859981C3D516400DF5271 /* Base */,
			);
			name = LaunchScreen.storyboard;
			sourceTree = "<group>";
		};
		E6E859AD1C3D516500DF5271 /* Interface.storyboard */ = {
			isa = PBXVariantGroup;
			children = (
				E6E859AE1C3D516500DF5271 /* Base */,
			);
			name = Interface.storyboard;
			sourceTree = "<group>";
		};
/* End PBXVariantGroup section */

/* Begin XCBuildConfiguration section */
		E6E859C51C3D516500DF5271 /* Debug */ = {
			isa = XCBuildConfiguration;
			buildSettings = {
				ALWAYS_SEARCH_USER_PATHS = NO;
				CLANG_CXX_LANGUAGE_STANDARD = "gnu++0x";
				CLANG_CXX_LIBRARY = "libc++";
				CLANG_ENABLE_MODULES = YES;
				CLANG_ENABLE_OBJC_ARC = YES;
				CLANG_WARN_BOOL_CONVERSION = YES;
				CLANG_WARN_CONSTANT_CONVERSION = YES;
				CLANG_WARN_DIRECT_OBJC_ISA_USAGE = YES_ERROR;
				CLANG_WARN_EMPTY_BODY = YES;
				CLANG_WARN_ENUM_CONVERSION = YES;
				CLANG_WARN_INT_CONVERSION = YES;
				CLANG_WARN_OBJC_ROOT_CLASS = YES_ERROR;
				CLANG_WARN_UNREACHABLE_CODE = YES;
				CLANG_WARN__DUPLICATE_METHOD_MATCH = YES;
				"CODE_SIGN_IDENTITY[sdk=iphoneos*]" = "iPhone Developer";
				COPY_PHASE_STRIP = NO;
				DEBUG_INFORMATION_FORMAT = dwarf;
				ENABLE_STRICT_OBJC_MSGSEND = YES;
				ENABLE_TESTABILITY = YES;
				GCC_C_LANGUAGE_STANDARD = gnu99;
				GCC_DYNAMIC_NO_PIC = NO;
				GCC_NO_COMMON_BLOCKS = YES;
				GCC_OPTIMIZATION_LEVEL = 0;
				GCC_PREPROCESSOR_DEFINITIONS = (
					"DEBUG=1",
					"$(inherited)",
				);
				GCC_WARN_64_TO_32_BIT_CONVERSION = YES;
				GCC_WARN_ABOUT_RETURN_TYPE = YES_ERROR;
				GCC_WARN_UNDECLARED_SELECTOR = YES;
				GCC_WARN_UNINITIALIZED_AUTOS = YES_AGGRESSIVE;
				GCC_WARN_UNUSED_FUNCTION = YES;
				GCC_WARN_UNUSED_VARIABLE = YES;
				IPHONEOS_DEPLOYMENT_TARGET = 9.2;
				MTL_ENABLE_DEBUG_INFO = YES;
				ONLY_ACTIVE_ARCH = YES;
				SDKROOT = iphoneos;
				SWIFT_OPTIMIZATION_LEVEL = "-Onone";
			};
			name = Debug;
		};
		E6E859C61C3D516500DF5271 /* Release */ = {
			isa = XCBuildConfiguration;
			buildSettings = {
				ALWAYS_SEARCH_USER_PATHS = NO;
				CLANG_CXX_LANGUAGE_STANDARD = "gnu++0x";
				CLANG_CXX_LIBRARY = "libc++";
				CLANG_ENABLE_MODULES = YES;
				CLANG_ENABLE_OBJC_ARC = YES;
				CLANG_WARN_BOOL_CONVERSION = YES;
				CLANG_WARN_CONSTANT_CONVERSION = YES;
				CLANG_WARN_DIRECT_OBJC_ISA_USAGE = YES_ERROR;
				CLANG_WARN_EMPTY_BODY = YES;
				CLANG_WARN_ENUM_CONVERSION = YES;
				CLANG_WARN_INT_CONVERSION = YES;
				CLANG_WARN_OBJC_ROOT_CLASS = YES_ERROR;
				CLANG_WARN_UNREACHABLE_CODE = YES;
				CLANG_WARN__DUPLICATE_METHOD_MATCH = YES;
				"CODE_SIGN_IDENTITY[sdk=iphoneos*]" = "iPhone Developer";
				COPY_PHASE_STRIP = NO;
				DEBUG_INFORMATION_FORMAT = "dwarf-with-dsym";
				ENABLE_NS_ASSERTIONS = NO;
				ENABLE_STRICT_OBJC_MSGSEND = YES;
				GCC_C_LANGUAGE_STANDARD = gnu99;
				GCC_NO_COMMON_BLOCKS = YES;
				GCC_WARN_64_TO_32_BIT_CONVERSION = YES;
				GCC_WARN_ABOUT_RETURN_TYPE = YES_ERROR;
				GCC_WARN_UNDECLARED_SELECTOR = YES;
				GCC_WARN_UNINITIALIZED_AUTOS = YES_AGGRESSIVE;
				GCC_WARN_UNUSED_FUNCTION = YES;
				GCC_WARN_UNUSED_VARIABLE = YES;
				IPHONEOS_DEPLOYMENT_TARGET = 9.2;
				MTL_ENABLE_DEBUG_INFO = NO;
				SDKROOT = iphoneos;
				VALIDATE_PRODUCT = YES;
			};
			name = Release;
		};
		E6E859C81C3D516500DF5271 /* Debug */ = {
			isa = XCBuildConfiguration;
			buildSettings = {
				INFOPLIST_FILE = "TappyTimer WatchKit Extension/Info.plist";
				LD_RUNPATH_SEARCH_PATHS = "$(inherited) @executable_path/Frameworks @executable_path/../../Frameworks";
				PRODUCT_BUNDLE_IDENTIFIER = com.macbellingrath.TappyTimer.watchkitapp.watchkitextension;
				PRODUCT_NAME = "${TARGET_NAME}";
				SDKROOT = watchos;
				SKIP_INSTALL = YES;
				TARGETED_DEVICE_FAMILY = 4;
				WATCHOS_DEPLOYMENT_TARGET = 2.1;
			};
			name = Debug;
		};
		E6E859C91C3D516500DF5271 /* Release */ = {
			isa = XCBuildConfiguration;
			buildSettings = {
				INFOPLIST_FILE = "TappyTimer WatchKit Extension/Info.plist";
				LD_RUNPATH_SEARCH_PATHS = "$(inherited) @executable_path/Frameworks @executable_path/../../Frameworks";
				PRODUCT_BUNDLE_IDENTIFIER = com.macbellingrath.TappyTimer.watchkitapp.watchkitextension;
				PRODUCT_NAME = "${TARGET_NAME}";
				SDKROOT = watchos;
				SKIP_INSTALL = YES;
				TARGETED_DEVICE_FAMILY = 4;
				WATCHOS_DEPLOYMENT_TARGET = 2.1;
			};
			name = Release;
		};
		E6E859CC1C3D516500DF5271 /* Debug */ = {
			isa = XCBuildConfiguration;
			buildSettings = {
				ASSETCATALOG_COMPILER_APPICON_NAME = AppIcon;
				EMBEDDED_CONTENT_CONTAINS_SWIFT = YES;
				IBSC_MODULE = TappyTimer_WatchKit_Extension;
				INFOPLIST_FILE = "TappyTimer WatchKit App/Info.plist";
				PRODUCT_BUNDLE_IDENTIFIER = com.macbellingrath.TappyTimer.watchkitapp;
				PRODUCT_NAME = "$(TARGET_NAME)";
				SDKROOT = watchos;
				SKIP_INSTALL = YES;
				TARGETED_DEVICE_FAMILY = 4;
				WATCHOS_DEPLOYMENT_TARGET = 2.1;
			};
			name = Debug;
		};
		E6E859CD1C3D516500DF5271 /* Release */ = {
			isa = XCBuildConfiguration;
			buildSettings = {
				ASSETCATALOG_COMPILER_APPICON_NAME = AppIcon;
				EMBEDDED_CONTENT_CONTAINS_SWIFT = YES;
				IBSC_MODULE = TappyTimer_WatchKit_Extension;
				INFOPLIST_FILE = "TappyTimer WatchKit App/Info.plist";
				PRODUCT_BUNDLE_IDENTIFIER = com.macbellingrath.TappyTimer.watchkitapp;
				PRODUCT_NAME = "$(TARGET_NAME)";
				SDKROOT = watchos;
				SKIP_INSTALL = YES;
				TARGETED_DEVICE_FAMILY = 4;
				WATCHOS_DEPLOYMENT_TARGET = 2.1;
			};
			name = Release;
		};
		E6E859D01C3D516500DF5271 /* Debug */ = {
			isa = XCBuildConfiguration;
			buildSettings = {
				ASSETCATALOG_COMPILER_APPICON_NAME = AppIcon;
				INFOPLIST_FILE = TappyTimer/Info.plist;
				LD_RUNPATH_SEARCH_PATHS = "$(inherited) @executable_path/Frameworks";
				PRODUCT_BUNDLE_IDENTIFIER = com.macbellingrath.TappyTimer;
				PRODUCT_NAME = "$(TARGET_NAME)";
			};
			name = Debug;
		};
		E6E859D11C3D516500DF5271 /* Release */ = {
			isa = XCBuildConfiguration;
			buildSettings = {
				ASSETCATALOG_COMPILER_APPICON_NAME = AppIcon;
				INFOPLIST_FILE = TappyTimer/Info.plist;
				LD_RUNPATH_SEARCH_PATHS = "$(inherited) @executable_path/Frameworks";
				PRODUCT_BUNDLE_IDENTIFIER = com.macbellingrath.TappyTimer;
				PRODUCT_NAME = "$(TARGET_NAME)";
			};
			name = Release;
		};
		E6E859D31C3D516500DF5271 /* Debug */ = {
			isa = XCBuildConfiguration;
			buildSettings = {
				BUNDLE_LOADER = "$(TEST_HOST)";
				INFOPLIST_FILE = TappyTimerTests/Info.plist;
				LD_RUNPATH_SEARCH_PATHS = "$(inherited) @executable_path/Frameworks @loader_path/Frameworks";
				PRODUCT_BUNDLE_IDENTIFIER = com.macbellingrath.TappyTimerTests;
				PRODUCT_NAME = "$(TARGET_NAME)";
				TEST_HOST = "$(BUILT_PRODUCTS_DIR)/TappyTimer.app/TappyTimer";
			};
			name = Debug;
		};
		E6E859D41C3D516500DF5271 /* Release */ = {
			isa = XCBuildConfiguration;
			buildSettings = {
				BUNDLE_LOADER = "$(TEST_HOST)";
				INFOPLIST_FILE = TappyTimerTests/Info.plist;
				LD_RUNPATH_SEARCH_PATHS = "$(inherited) @executable_path/Frameworks @loader_path/Frameworks";
				PRODUCT_BUNDLE_IDENTIFIER = com.macbellingrath.TappyTimerTests;
				PRODUCT_NAME = "$(TARGET_NAME)";
				TEST_HOST = "$(BUILT_PRODUCTS_DIR)/TappyTimer.app/TappyTimer";
			};
			name = Release;
		};
/* End XCBuildConfiguration section */

/* Begin XCConfigurationList section */
		E6E859861C3D516400DF5271 /* Build configuration list for PBXProject "TappyTimer" */ = {
			isa = XCConfigurationList;
			buildConfigurations = (
				E6E859C51C3D516500DF5271 /* Debug */,
				E6E859C61C3D516500DF5271 /* Release */,
			);
			defaultConfigurationIsVisible = 0;
			defaultConfigurationName = Release;
		};
		E6E859C71C3D516500DF5271 /* Build configuration list for PBXNativeTarget "TappyTimer WatchKit Extension" */ = {
			isa = XCConfigurationList;
			buildConfigurations = (
				E6E859C81C3D516500DF5271 /* Debug */,
				E6E859C91C3D516500DF5271 /* Release */,
			);
			defaultConfigurationIsVisible = 0;
			defaultConfigurationName = Release;
		};
		E6E859CB1C3D516500DF5271 /* Build configuration list for PBXNativeTarget "TappyTimer WatchKit App" */ = {
			isa = XCConfigurationList;
			buildConfigurations = (
				E6E859CC1C3D516500DF5271 /* Debug */,
				E6E859CD1C3D516500DF5271 /* Release */,
			);
			defaultConfigurationIsVisible = 0;
			defaultConfigurationName = Release;
		};
		E6E859CF1C3D516500DF5271 /* Build configuration list for PBXNativeTarget "TappyTimer" */ = {
			isa = XCConfigurationList;
			buildConfigurations = (
				E6E859D01C3D516500DF5271 /* Debug */,
				E6E859D11C3D516500DF5271 /* Release */,
			);
			defaultConfigurationIsVisible = 0;
			defaultConfigurationName = Release;
		};
		E6E859D21C3D516500DF5271 /* Build configuration list for PBXNativeTarget "TappyTimerTests" */ = {
			isa = XCConfigurationList;
			buildConfigurations = (
				E6E859D31C3D516500DF5271 /* Debug */,
				E6E859D41C3D516500DF5271 /* Release */,
			);
			defaultConfigurationIsVisible = 0;
			defaultConfigurationName = Release;
		};
/* End XCConfigurationList section */
	};
	rootObject = E6E859831C3D516400DF5271 /* Project object */;
}
